// !$*UTF8*$!
{
	archiveVersion = 1;
	classes = {
	};
	objectVersion = 55;
	objects = {

/* Begin PBXBuildFile section */
		F3CEAE35282D5F6B0056494F /* AppDelegate.swift in Sources */ = {isa = PBXBuildFile; fileRef = F3CEAE34282D5F6B0056494F /* AppDelegate.swift */; };
		F3CEAE37282D5F6B0056494F /* SceneDelegate.swift in Sources */ = {isa = PBXBuildFile; fileRef = F3CEAE36282D5F6B0056494F /* SceneDelegate.swift */; };
		F3CEAE39282D5F6B0056494F /* ViewController.swift in Sources */ = {isa = PBXBuildFile; fileRef = F3CEAE38282D5F6B0056494F /* ViewController.swift */; };
		F3CEAE3C282D5F6B0056494F /* Main.storyboard in Resources */ = {isa = PBXBuildFile; fileRef = F3CEAE3A282D5F6B0056494F /* Main.storyboard */; };
		F3CEAE3E282D5F6F0056494F /* Assets.xcassets in Resources */ = {isa = PBXBuildFile; fileRef = F3CEAE3D282D5F6F0056494F /* Assets.xcassets */; };
		F3CEAE41282D5F6F0056494F /* LaunchScreen.storyboard in Resources */ = {isa = PBXBuildFile; fileRef = F3CEAE3F282D5F6F0056494F /* LaunchScreen.storyboard */; };
		F3CEAE4B282D63C20056494F /* tail.png in Resources */ = {isa = PBXBuildFile; fileRef = F3CEAE49282D63C20056494F /* tail.png */; };
		F3CEAE4C282D63C20056494F /* bar.png in Resources */ = {isa = PBXBuildFile; fileRef = F3CEAE4A282D63C20056494F /* bar.png */; };
		F3CEAE4E282D6DF30056494F /* GameViewController.swift in Sources */ = {isa = PBXBuildFile; fileRef = F3CEAE4D282D6DF30056494F /* GameViewController.swift */; };
		F3CEAE50282D6F240056494F /* RankingViewController.swift in Sources */ = {isa = PBXBuildFile; fileRef = F3CEAE4F282D6F240056494F /* RankingViewController.swift */; };
/* End PBXBuildFile section */

/* Begin PBXFileReference section */
		F3CEAE31282D5F6B0056494F /* BarabaraGame.app */ = {isa = PBXFileReference; explicitFileType = wrapper.application; includeInIndex = 0; path = BarabaraGame.app; sourceTree = BUILT_PRODUCTS_DIR; };
		F3CEAE34282D5F6B0056494F /* AppDelegate.swift */ = {isa = PBXFileReference; lastKnownFileType = sourcecode.swift; path = AppDelegate.swift; sourceTree = "<group>"; };
		F3CEAE36282D5F6B0056494F /* SceneDelegate.swift */ = {isa = PBXFileReference; lastKnownFileType = sourcecode.swift; path = SceneDelegate.swift; sourceTree = "<group>"; };
		F3CEAE38282D5F6B0056494F /* ViewController.swift */ = {isa = PBXFileReference; lastKnownFileType = sourcecode.swift; path = ViewController.swift; sourceTree = "<group>"; };
		F3CEAE3B282D5F6B0056494F /* Base */ = {isa = PBXFileReference; lastKnownFileType = file.storyboard; name = Base; path = Base.lproj/Main.storyboard; sourceTree = "<group>"; };
		F3CEAE3D282D5F6F0056494F /* Assets.xcassets */ = {isa = PBXFileReference; lastKnownFileType = folder.assetcatalog; path = Assets.xcassets; sourceTree = "<group>"; };
		F3CEAE40282D5F6F0056494F /* Base */ = {isa = PBXFileReference; lastKnownFileType = file.storyboard; name = Base; path = Base.lproj/LaunchScreen.storyboard; sourceTree = "<group>"; };
		F3CEAE42282D5F6F0056494F /* Info.plist */ = {isa = PBXFileReference; lastKnownFileType = text.plist.xml; path = Info.plist; sourceTree = "<group>"; };
		F3CEAE49282D63C20056494F /* tail.png */ = {isa = PBXFileReference; lastKnownFileType = image.png; path = tail.png; sourceTree = "<group>"; };
		F3CEAE4A282D63C20056494F /* bar.png */ = {isa = PBXFileReference; lastKnownFileType = image.png; path = bar.png; sourceTree = "<group>"; };
		F3CEAE4D282D6DF30056494F /* GameViewController.swift */ = {isa = PBXFileReference; lastKnownFileType = sourcecode.swift; path = GameViewController.swift; sourceTree = "<group>"; };
		F3CEAE4F282D6F240056494F /* RankingViewController.swift */ = {isa = PBXFileReference; lastKnownFileType = sourcecode.swift; path = RankingViewController.swift; sourceTree = "<group>"; };
/* End PBXFileReference section */

/* Begin PBXFrameworksBuildPhase section */
		F3CEAE2E282D5F6B0056494F /* Frameworks */ = {
			isa = PBXFrameworksBuildPhase;
			buildActionMask = 2147483647;
			files = (
			);
			runOnlyForDeploymentPostprocessing = 0;
		};
/* End PBXFrameworksBuildPhase section */

/* Begin PBXGroup section */
		F3CEAE28282D5F6B0056494F = {
			isa = PBXGroup;
			children = (
				F3CEAE33282D5F6B0056494F /* BarabaraGame */,
				F3CEAE32282D5F6B0056494F /* Products */,
			);
			sourceTree = "<group>";
		};
		F3CEAE32282D5F6B0056494F /* Products */ = {
			isa = PBXGroup;
			children = (
				F3CEAE31282D5F6B0056494F /* BarabaraGame.app */,
			);
			name = Products;
			sourceTree = "<group>";
		};
		F3CEAE33282D5F6B0056494F /* BarabaraGame */ = {
			isa = PBXGroup;
			children = (
				F3CEAE48282D63C20056494F /* Barabara素材 */,
				F3CEAE34282D5F6B0056494F /* AppDelegate.swift */,
				F3CEAE36282D5F6B0056494F /* SceneDelegate.swift */,
				F3CEAE38282D5F6B0056494F /* ViewController.swift */,
				F3CEAE3A282D5F6B0056494F /* Main.storyboard */,
				F3CEAE4D282D6DF30056494F /* GameViewController.swift */,
				F3CEAE4F282D6F240056494F /* RankingViewController.swift */,
				F3CEAE3D282D5F6F0056494F /* Assets.xcassets */,
				F3CEAE3F282D5F6F0056494F /* LaunchScreen.storyboard */,
				F3CEAE42282D5F6F0056494F /* Info.plist */,
			);
			path = BarabaraGame;
			sourceTree = "<group>";
		};
		F3CEAE48282D63C20056494F /* Barabara素材 */ = {
			isa = PBXGroup;
			children = (
				F3CEAE49282D63C20056494F /* tail.png */,
				F3CEAE4A282D63C20056494F /* bar.png */,
			);
			path = "Barabara素材";
			sourceTree = "<group>";
		};
/* End PBXGroup section */

/* Begin PBXNativeTarget section */
		F3CEAE30282D5F6B0056494F /* BarabaraGame */ = {
			isa = PBXNativeTarget;
			buildConfigurationList = F3CEAE45282D5F6F0056494F /* Build configuration list for PBXNativeTarget "BarabaraGame" */;
			buildPhases = (
				F3CEAE2D282D5F6B0056494F /* Sources */,
				F3CEAE2E282D5F6B0056494F /* Frameworks */,
				F3CEAE2F282D5F6B0056494F /* Resources */,
			);
			buildRules = (
			);
			dependencies = (
			);
			name = BarabaraGame;
			productName = BarabaraGame;
			productReference = F3CEAE31282D5F6B0056494F /* BarabaraGame.app */;
			productType = "com.apple.product-type.application";
		};
/* End PBXNativeTarget section */

/* Begin PBXProject section */
		F3CEAE29282D5F6B0056494F /* Project object */ = {
			isa = PBXProject;
			attributes = {
				BuildIndependentTargetsInParallel = 1;
				LastSwiftUpdateCheck = 1330;
				LastUpgradeCheck = 1330;
				TargetAttributes = {
					F3CEAE30282D5F6B0056494F = {
						CreatedOnToolsVersion = 13.3.1;
					};
				};
			};
			buildConfigurationList = F3CEAE2C282D5F6B0056494F /* Build configuration list for PBXProject "BarabaraGame" */;
			compatibilityVersion = "Xcode 13.0";
			developmentRegion = en;
			hasScannedForEncodings = 0;
			knownRegions = (
				en,
				Base,
			);
			mainGroup = F3CEAE28282D5F6B0056494F;
			productRefGroup = F3CEAE32282D5F6B0056494F /* Products */;
			projectDirPath = "";
			projectRoot = "";
			targets = (
				F3CEAE30282D5F6B0056494F /* BarabaraGame */,
			);
		};
/* End PBXProject section */

/* Begin PBXResourcesBuildPhase section */
		F3CEAE2F282D5F6B0056494F /* Resources */ = {
			isa = PBXResourcesBuildPhase;
			buildActionMask = 2147483647;
			files = (
				F3CEAE41282D5F6F0056494F /* LaunchScreen.storyboard in Resources */,
				F3CEAE4C282D63C20056494F /* bar.png in Resources */,
				F3CEAE4B282D63C20056494F /* tail.png in Resources */,
				F3CEAE3E282D5F6F0056494F /* Assets.xcassets in Resources */,
				F3CEAE3C282D5F6B0056494F /* Main.storyboard in Resources */,
			);
			runOnlyForDeploymentPostprocessing = 0;
		};
/* End PBXResourcesBuildPhase section */

/* Begin PBXSourcesBuildPhase section */
		F3CEAE2D282D5F6B0056494F /* Sources */ = {
			isa = PBXSourcesBuildPhase;
			buildActionMask = 2147483647;
			files = (
				F3CEAE50282D6F240056494F /* RankingViewController.swift in Sources */,
				F3CEAE4E282D6DF30056494F /* GameViewController.swift in Sources */,
				F3CEAE39282D5F6B0056494F /* ViewController.swift in Sources */,
				F3CEAE35282D5F6B0056494F /* AppDelegate.swift in Sources */,
				F3CEAE37282D5F6B0056494F /* SceneDelegate.swift in Sources */,
			);
			runOnlyForDeploymentPostprocessing = 0;
		};
/* End PBXSourcesBuildPhase section */

/* Begin PBXVariantGroup section */
		F3CEAE3A282D5F6B0056494F /* Main.storyboard */ = {
			isa = PBXVariantGroup;
			children = (
				F3CEAE3B282D5F6B0056494F /* Base */,
			);
			name = Main.storyboard;
			sourceTree = "<group>";
		};
		F3CEAE3F282D5F6F0056494F /* LaunchScreen.storyboard */ = {
			isa = PBXVariantGroup;
			children = (
				F3CEAE40282D5F6F0056494F /* Base */,
			);
			name = LaunchScreen.storyboard;
			sourceTree = "<group>";
		};
/* End PBXVariantGroup section */

/* Begin XCBuildConfiguration section */
		F3CEAE43282D5F6F0056494F /* Debug */ = {
			isa = XCBuildConfiguration;
			buildSettings = {
				ALWAYS_SEARCH_USER_PATHS = NO;
				CLANG_ANALYZER_NONNULL = YES;
				CLANG_ANALYZER_NUMBER_OBJECT_CONVERSION = YES_AGGRESSIVE;
				CLANG_CXX_LANGUAGE_STANDARD = "gnu++17";
				CLANG_ENABLE_MODULES = YES;
				CLANG_ENABLE_OBJC_ARC = YES;
				CLANG_ENABLE_OBJC_WEAK = YES;
				CLANG_WARN_BLOCK_CAPTURE_AUTORELEASING = YES;
				CLANG_WARN_BOOL_CONVERSION = YES;
				CLANG_WARN_COMMA = YES;
				CLANG_WARN_CONSTANT_CONVERSION = YES;
				CLANG_WARN_DEPRECATED_OBJC_IMPLEMENTATIONS = YES;
				CLANG_WARN_DIRECT_OBJC_ISA_USAGE = YES_ERROR;
				CLANG_WARN_DOCUMENTATION_COMMENTS = YES;
				CLANG_WARN_EMPTY_BODY = YES;
				CLANG_WARN_ENUM_CONVERSION = YES;
				CLANG_WARN_INFINITE_RECURSION = YES;
				CLANG_WARN_INT_CONVERSION = YES;
				CLANG_WARN_NON_LITERAL_NULL_CONVERSION = YES;
				CLANG_WARN_OBJC_IMPLICIT_RETAIN_SELF = YES;
				CLANG_WARN_OBJC_LITERAL_CONVERSION = YES;
				CLANG_WARN_OBJC_ROOT_CLASS = YES_ERROR;
				CLANG_WARN_QUOTED_INCLUDE_IN_FRAMEWORK_HEADER = YES;
				CLANG_WARN_RANGE_LOOP_ANALYSIS = YES;
				CLANG_WARN_STRICT_PROTOTYPES = YES;
				CLANG_WARN_SUSPICIOUS_MOVE = YES;
				CLANG_WARN_UNGUARDED_AVAILABILITY = YES_AGGRESSIVE;
				CLANG_WARN_UNREACHABLE_CODE = YES;
				CLANG_WARN__DUPLICATE_METHOD_MATCH = YES;
				COPY_PHASE_STRIP = NO;
				DEBUG_INFORMATION_FORMAT = dwarf;
				ENABLE_STRICT_OBJC_MSGSEND = YES;
				ENABLE_TESTABILITY = YES;
				GCC_C_LANGUAGE_STANDARD = gnu11;
				GCC_DYNAMIC_NO_PIC = NO;
				GCC_NO_COMMON_BLOCKS = YES;
				GCC_OPTIMIZATION_LEVEL = 0;
				GCC_PREPROCESSOR_DEFINITIONS = (
					"DEBUG=1",
					"$(inherited)",
				);
				GCC_WARN_64_TO_32_BIT_CONVERSION = YES;
				GCC_WARN_ABOUT_RETURN_TYPE = YES_ERROR;
				GCC_WARN_UNDECLARED_SELECTOR = YES;
				GCC_WARN_UNINITIALIZED_AUTOS = YES_AGGRESSIVE;
				GCC_WARN_UNUSED_FUNCTION = YES;
				GCC_WARN_UNUSED_VARIABLE = YES;
				IPHONEOS_DEPLOYMENT_TARGET = 15.4;
				MTL_ENABLE_DEBUG_INFO = INCLUDE_SOURCE;
				MTL_FAST_MATH = YES;
				ONLY_ACTIVE_ARCH = YES;
				SDKROOT = iphoneos;
				SWIFT_ACTIVE_COMPILATION_CONDITIONS = DEBUG;
				SWIFT_OPTIMIZATION_LEVEL = "-Onone";
			};
			name = Debug;
		};
		F3CEAE44282D5F6F0056494F /* Release */ = {
			isa = XCBuildConfiguration;
			buildSettings = {
				ALWAYS_SEARCH_USER_PATHS = NO;
				CLANG_ANALYZER_NONNULL = YES;
				CLANG_ANALYZER_NUMBER_OBJECT_CONVERSION = YES_AGGRESSIVE;
				CLANG_CXX_LANGUAGE_STANDARD = "gnu++17";
				CLANG_ENABLE_MODULES = YES;
				CLANG_ENABLE_OBJC_ARC = YES;
				CLANG_ENABLE_OBJC_WEAK = YES;
				CLANG_WARN_BLOCK_CAPTURE_AUTORELEASING = YES;
				CLANG_WARN_BOOL_CONVERSION = YES;
				CLANG_WARN_COMMA = YES;
				CLANG_WARN_CONSTANT_CONVERSION = YES;
				CLANG_WARN_DEPRECATED_OBJC_IMPLEMENTATIONS = YES;
				CLANG_WARN_DIRECT_OBJC_ISA_USAGE = YES_ERROR;
				CLANG_WARN_DOCUMENTATION_COMMENTS = YES;
				CLANG_WARN_EMPTY_BODY = YES;
				CLANG_WARN_ENUM_CONVERSION = YES;
				CLANG_WARN_INFINITE_RECURSION = YES;
				CLANG_WARN_INT_CONVERSION = YES;
				CLANG_WARN_NON_LITERAL_NULL_CONVERSION = YES;
				CLANG_WARN_OBJC_IMPLICIT_RETAIN_SELF = YES;
				CLANG_WARN_OBJC_LITERAL_CONVERSION = YES;
				CLANG_WARN_OBJC_ROOT_CLASS = YES_ERROR;
				CLANG_WARN_QUOTED_INCLUDE_IN_FRAMEWORK_HEADER = YES;
				CLANG_WARN_RANGE_LOOP_ANALYSIS = YES;
				CLANG_WARN_STRICT_PROTOTYPES = YES;
				CLANG_WARN_SUSPICIOUS_MOVE = YES;
				CLANG_WARN_UNGUARDED_AVAILABILITY = YES_AGGRESSIVE;
				CLANG_WARN_UNREACHABLE_CODE = YES;
				CLANG_WARN__DUPLICATE_METHOD_MATCH = YES;
				COPY_PHASE_STRIP = NO;
				DEBUG_INFORMATION_FORMAT = "dwarf-with-dsym";
				ENABLE_NS_ASSERTIONS = NO;
				ENABLE_STRICT_OBJC_MSGSEND = YES;
				GCC_C_LANGUAGE_STANDARD = gnu11;
				GCC_NO_COMMON_BLOCKS = YES;
				GCC_WARN_64_TO_32_BIT_CONVERSION = YES;
				GCC_WARN_ABOUT_RETURN_TYPE = YES_ERROR;
				GCC_WARN_UNDECLARED_SELECTOR = YES;
				GCC_WARN_UNINITIALIZED_AUTOS = YES_AGGRESSIVE;
				GCC_WARN_UNUSED_FUNCTION = YES;
				GCC_WARN_UNUSED_VARIABLE = YES;
				IPHONEOS_DEPLOYMENT_TARGET = 15.4;
				MTL_ENABLE_DEBUG_INFO = NO;
				MTL_FAST_MATH = YES;
				SDKROOT = iphoneos;
				SWIFT_COMPILATION_MODE = wholemodule;
				SWIFT_OPTIMIZATION_LEVEL = "-O";
				VALIDATE_PRODUCT = YES;
			};
			name = Release;
		};
		F3CEAE46282D5F6F0056494F /* Debug */ = {
			isa = XCBuildConfiguration;
			buildSettings = {
				ASSETCATALOG_COMPILER_APPICON_NAME = AppIcon;
				ASSETCATALOG_COMPILER_GLOBAL_ACCENT_COLOR_NAME = AccentColor;
				CODE_SIGN_STYLE = Automatic;
				CURRENT_PROJECT_VERSION = 1;
				GENERATE_INFOPLIST_FILE = YES;
				INFOPLIST_FILE = BarabaraGame/Info.plist;
				INFOPLIST_KEY_UIApplicationSupportsIndirectInputEvents = YES;
				INFOPLIST_KEY_UILaunchStoryboardName = LaunchScreen;
				INFOPLIST_KEY_UIMainStoryboardFile = Main;
				INFOPLIST_KEY_UISupportedInterfaceOrientations_iPad = "UIInterfaceOrientationPortrait UIInterfaceOrientationPortraitUpsideDown UIInterfaceOrientationLandscapeLeft UIInterfaceOrientationLandscapeRight";
				INFOPLIST_KEY_UISupportedInterfaceOrientations_iPhone = "UIInterfaceOrientationPortrait UIInterfaceOrientationLandscapeLeft UIInterfaceOrientationLandscapeRight";
				LD_RUNPATH_SEARCH_PATHS = (
					"$(inherited)",
					"@executable_path/Frameworks",
				);
				MARKETING_VERSION = 1.0;
				PRODUCT_BUNDLE_IDENTIFIER = app.nakamura.subaru.BarabaraGame;
				PRODUCT_NAME = "$(TARGET_NAME)";
				SWIFT_EMIT_LOC_STRINGS = YES;
				SWIFT_VERSION = 5.0;
				TARGETED_DEVICE_FAMILY = "1,2";
			};
			name = Debug;
		};
		F3CEAE47282D5F6F0056494F /* Release */ = {
			isa = XCBuildConfiguration;
			buildSettings = {
				ASSETCATALOG_COMPILER_APPICON_NAME = AppIcon;
				ASSETCATALOG_COMPILER_GLOBAL_ACCENT_COLOR_NAME = AccentColor;
				CODE_SIGN_STYLE = Automatic;
				CURRENT_PROJECT_VERSION = 1;
				GENERATE_INFOPLIST_FILE = YES;
				INFOPLIST_FILE = BarabaraGame/Info.plist;
				INFOPLIST_KEY_UIApplicationSupportsIndirectInputEvents = YES;
				INFOPLIST_KEY_UILaunchStoryboardName = LaunchScreen;
				INFOPLIST_KEY_UIMainStoryboardFile = Main;
				INFOPLIST_KEY_UISupportedInterfaceOrientations_iPad = "UIInterfaceOrientationPortrait UIInterfaceOrientationPortraitUpsideDown UIInterfaceOrientationLandscapeLeft UIInterfaceOrientationLandscapeRight";
				INFOPLIST_KEY_UISupportedInterfaceOrientations_iPhone = "UIInterfaceOrientationPortrait UIInterfaceOrientationLandscapeLeft UIInterfaceOrientationLandscapeRight";
				LD_RUNPATH_SEARCH_PATHS = (
					"$(inherited)",
					"@executable_path/Frameworks",
				);
				MARKETING_VERSION = 1.0;
				PRODUCT_BUNDLE_IDENTIFIER = app.nakamura.subaru.BarabaraGame;
				PRODUCT_NAME = "$(TARGET_NAME)";
				SWIFT_EMIT_LOC_STRINGS = YES;
				SWIFT_VERSION = 5.0;
				TARGETED_DEVICE_FAMILY = "1,2";
			};
			name = Release;
		};
/* End XCBuildConfiguration section */

/* Begin XCConfigurationList section */
		F3CEAE2C282D5F6B0056494F /* Build configuration list for PBXProject "BarabaraGame" */ = {
			isa = XCConfigurationList;
			buildConfigurations = (
				F3CEAE43282D5F6F0056494F /* Debug */,
				F3CEAE44282D5F6F0056494F /* Release */,
			);
			defaultConfigurationIsVisible = 0;
			defaultConfigurationName = Release;
		};
		F3CEAE45282D5F6F0056494F /* Build configuration list for PBXNativeTarget "BarabaraGame" */ = {
			isa = XCConfigurationList;
			buildConfigurations = (
				F3CEAE46282D5F6F0056494F /* Debug */,
				F3CEAE47282D5F6F0056494F /* Release */,
			);
			defaultConfigurationIsVisible = 0;
			defaultConfigurationName = Release;
		};
/* End XCConfigurationList section */
	};
	rootObject = F3CEAE29282D5F6B0056494F /* Project object */;
}
